
Microsoft Visual Studio Solution File, Format Version 12.00
# Visual Studio 15
VisualStudioVersion = 15.0.26724.1
MinimumVisualStudioVersion = 10.0.40219.1
Project("{FAE04EC0-301F-11D3-BF4B-00C04F79EFBC}") = "ARMClient.Console", "ARMClient.Console\ARMClient.Console.csproj", "{86C74BE6-D4AD-4D51-A8AF-D055B6AA2C77}"
EndProject
Project("{FAE04EC0-301F-11D3-BF4B-00C04F79EFBC}") = "ARMClient.Authentication", "ARMClient.Authentication\ARMClient.Authentication.csproj", "{D2516CF8-7271-4156-ADD7-4FC2FF9026D2}"
EndProject
Project("{FAE04EC0-301F-11D3-BF4B-00C04F79EFBC}") = "AADClient.Console", "AADClient.Console\AADClient.Console.csproj", "{CACE3DCC-9C28-4239-9150-291D0610C74F}"
EndProject
Global
	GlobalSection(SolutionConfigurationPlatforms) = preSolution
		Debug|Any CPU = Debug|Any CPU
		Release|Any CPU = Release|Any CPU
	EndGlobalSection
	GlobalSection(ProjectConfigurationPlatforms) = postSolution
		{86C74BE6-D4AD-4D51-A8AF-D055B6AA2C77}.Debug|Any CPU.ActiveCfg = Debug|Any CPU
		{86C74BE6-D4AD-4D51-A8AF-D055B6AA2C77}.Debug|Any CPU.Build.0 = Debug|Any CPU
		{86C74BE6-D4AD-4D51-A8AF-D055B6AA2C77}.Release|Any CPU.ActiveCfg = Release|Any CPU
		{86C74BE6-D4AD-4D51-A8AF-D055B6AA2C77}.Release|Any CPU.Build.0 = Release|Any CPU
		{D2516CF8-7271-4156-ADD7-4FC2FF9026D2}.Debug|Any CPU.ActiveCfg = Debug|Any CPU
		{D2516CF8-7271-4156-ADD7-4FC2FF9026D2}.Debug|Any CPU.Build.0 = Debug|Any CPU
		{D2516CF8-7271-4156-ADD7-4FC2FF9026D2}.Release|Any CPU.ActiveCfg = Release|Any CPU
		{D2516CF8-7271-4156-ADD7-4FC2FF9026D2}.Release|Any CPU.Build.0 = Release|Any CPU
		{CACE3DCC-9C28-4239-9150-291D0610C74F}.Debug|Any CPU.ActiveCfg = Debug|Any CPU
		{CACE3DCC-9C28-4239-9150-291D0610C74F}.Debug|Any CPU.Build.0 = Debug|Any CPU
		{CACE3DCC-9C28-4239-9150-291D0610C74F}.Release|Any CPU.ActiveCfg = Release|Any CPU
		{CACE3DCC-9C28-4239-9150-291D0610C74F}.Release|Any CPU.Build.0 = Release|Any CPU
	EndGlobalSection
	GlobalSection(SolutionProperties) = preSolution
		HideSolutionNode = FALSE
	EndGlobalSection
	GlobalSection(ExtensibilityGlobals) = postSolution
		SolutionGuid = {EEA167E7-A4EB-4361-8F4D-3D9E8B59DCA4}
	EndGlobalSection
EndGlobal
